
Microsoft Visual Studio Solution File, Format Version 12.00
Project("{FAE04EC0-301F-11D3-BF4B-00C04F79EFBC}") = "Blitz.Exercises.Data", "Blitz.Exercises.Data\Blitz.Exercises.Data.csproj", "{A5423BAC-8AFC-4084-9081-BFF1E467914C}"
EndProject
Project("{FAE04EC0-301F-11D3-BF4B-00C04F79EFBC}") = "Blitz.Exercises.Business", "Blitz.Exercises.Business\Blitz.Exercises.Business.csproj", "{E60C5F49-90ED-4725-BBE2-35193534B37D}"
EndProject
Global
	GlobalSection(SolutionConfigurationPlatforms) = preSolution
		Debug|Any CPU = Debug|Any CPU
		Release|Any CPU = Release|Any CPU
	EndGlobalSection
	GlobalSection(ProjectConfigurationPlatforms) = postSolution
		{A5423BAC-8AFC-4084-9081-BFF1E467914C}.Debug|Any CPU.ActiveCfg = Debug|Any CPU
		{A5423BAC-8AFC-4084-9081-BFF1E467914C}.Debug|Any CPU.Build.0 = Debug|Any CPU
		{A5423BAC-8AFC-4084-9081-BFF1E467914C}.Release|Any CPU.ActiveCfg = Release|Any CPU
		{A5423BAC-8AFC-4084-9081-BFF1E467914C}.Release|Any CPU.Build.0 = Release|Any CPU
		{E60C5F49-90ED-4725-BBE2-35193534B37D}.Debug|Any CPU.ActiveCfg = Debug|Any CPU
		{E60C5F49-90ED-4725-BBE2-35193534B37D}.Debug|Any CPU.Build.0 = Debug|Any CPU
		{E60C5F49-90ED-4725-BBE2-35193534B37D}.Release|Any CPU.ActiveCfg = Release|Any CPU
		{E60C5F49-90ED-4725-BBE2-35193534B37D}.Release|Any CPU.Build.0 = Release|Any CPU
	EndGlobalSection
EndGlobal
